// !$*UTF8*$!
{
	archiveVersion = 1;
	classes = {
	};
	objectVersion = 48;
	objects = {

/* Begin PBXBuildFile section */
		44092E808BD34F20D4802BDE /* Pods_FlashCardAppFeaturingBigShaq.framework in Frameworks */ = {isa = PBXBuildFile; fileRef = B41DA57864D85599863C6646 /* Pods_FlashCardAppFeaturingBigShaq.framework */; };
		AA7660CDD18BCAE277B2E1DC /* Pods_FlashCardAppFeaturingBigShaqUITests.framework in Frameworks */ = {isa = PBXBuildFile; fileRef = 88E4F4379135B2FAFEE29206 /* Pods_FlashCardAppFeaturingBigShaqUITests.framework */; };
		ACBCC140C01D1773CFE87145 /* Pods_FlashCardAppFeaturingBigShaqTests.framework in Frameworks */ = {isa = PBXBuildFile; fileRef = 5E7C913B1554DD96F763DA35 /* Pods_FlashCardAppFeaturingBigShaqTests.framework */; };
		DB0EF0B02034CFFF001FD5E5 /* CustomTableViewCell.swift in Sources */ = {isa = PBXBuildFile; fileRef = DB0EF0AF2034CFFF001FD5E5 /* CustomTableViewCell.swift */; };
		DB0EF0B32035012E001FD5E5 /* Deck.swift in Sources */ = {isa = PBXBuildFile; fileRef = DB0EF0B22035012E001FD5E5 /* Deck.swift */; };
		DB41C37A20332625005CEFDA /* AppDelegate.swift in Sources */ = {isa = PBXBuildFile; fileRef = DB41C37920332625005CEFDA /* AppDelegate.swift */; };
		DB41C38220332625005CEFDA /* FlashCardAppFeaturingBigShaq.xcdatamodeld in Sources */ = {isa = PBXBuildFile; fileRef = DB41C38020332625005CEFDA /* FlashCardAppFeaturingBigShaq.xcdatamodeld */; };
		DB41C38420332625005CEFDA /* Assets.xcassets in Resources */ = {isa = PBXBuildFile; fileRef = DB41C38320332625005CEFDA /* Assets.xcassets */; };
		DB41C38720332625005CEFDA /* LaunchScreen.storyboard in Resources */ = {isa = PBXBuildFile; fileRef = DB41C38520332625005CEFDA /* LaunchScreen.storyboard */; };
		DB41C39220332625005CEFDA /* FlashCardAppFeaturingBigShaqTests.swift in Sources */ = {isa = PBXBuildFile; fileRef = DB41C39120332625005CEFDA /* FlashCardAppFeaturingBigShaqTests.swift */; };
		DB41C39D20332625005CEFDA /* FlashCardAppFeaturingBigShaqUITests.swift in Sources */ = {isa = PBXBuildFile; fileRef = DB41C39C20332625005CEFDA /* FlashCardAppFeaturingBigShaqUITests.swift */; };
		DB41C3AB20332850005CEFDA /* LoginVC.swift in Sources */ = {isa = PBXBuildFile; fileRef = DB41C3AA20332850005CEFDA /* LoginVC.swift */; };
		DB41C3B1203337B1005CEFDA /* LoginView.swift in Sources */ = {isa = PBXBuildFile; fileRef = DB41C3B0203337B1005CEFDA /* LoginView.swift */; };
		DBB6898520334A1B00E28BD6 /* StyleSheet.swift in Sources */ = {isa = PBXBuildFile; fileRef = DBB6898420334A1B00E28BD6 /* StyleSheet.swift */; };
		DBB6898720334B3F00E28BD6 /* Settings.swift in Sources */ = {isa = PBXBuildFile; fileRef = DBB6898620334B3F00E28BD6 /* Settings.swift */; };
		DBD3D81A2033CDAA0033AAF7 /* MenuVC.swift in Sources */ = {isa = PBXBuildFile; fileRef = DBD3D8192033CDAA0033AAF7 /* MenuVC.swift */; };
		DBD3D81C2033CDBE0033AAF7 /* DeckVC.swift in Sources */ = {isa = PBXBuildFile; fileRef = DBD3D81B2033CDBE0033AAF7 /* DeckVC.swift */; };
		DBD3D81E2033CDD50033AAF7 /* MenuView.swift in Sources */ = {isa = PBXBuildFile; fileRef = DBD3D81D2033CDD50033AAF7 /* MenuView.swift */; };
		DBD3D8202033CDE40033AAF7 /* DeckView.swift in Sources */ = {isa = PBXBuildFile; fileRef = DBD3D81F2033CDE40033AAF7 /* DeckView.swift */; };
		DBD3D8222033D23A0033AAF7 /* AllDecksVC.swift in Sources */ = {isa = PBXBuildFile; fileRef = DBD3D8212033D23A0033AAF7 /* AllDecksVC.swift */; };
		DBD3D8242033D2530033AAF7 /* AllDecksView.swift in Sources */ = {isa = PBXBuildFile; fileRef = DBD3D8232033D2530033AAF7 /* AllDecksView.swift */; };
		DBD5DDCE203632D600DF79EC /* AddingThingsVC.swift in Sources */ = {isa = PBXBuildFile; fileRef = DBD5DDCD203632D600DF79EC /* AddingThingsVC.swift */; };
		DBD5DDD0203632EB00DF79EC /* AddingThingsView.swift in Sources */ = {isa = PBXBuildFile; fileRef = DBD5DDCF203632EB00DF79EC /* AddingThingsView.swift */; };
/* End PBXBuildFile section */

/* Begin PBXContainerItemProxy section */
		DB41C38E20332625005CEFDA /* PBXContainerItemProxy */ = {
			isa = PBXContainerItemProxy;
			containerPortal = DB41C36E20332625005CEFDA /* Project object */;
			proxyType = 1;
			remoteGlobalIDString = DB41C37520332625005CEFDA;
			remoteInfo = FlashCardAppFeaturingBigShaq;
		};
		DB41C39920332625005CEFDA /* PBXContainerItemProxy */ = {
			isa = PBXContainerItemProxy;
			containerPortal = DB41C36E20332625005CEFDA /* Project object */;
			proxyType = 1;
			remoteGlobalIDString = DB41C37520332625005CEFDA;
			remoteInfo = FlashCardAppFeaturingBigShaq;
		};
/* End PBXContainerItemProxy section */

/* Begin PBXFileReference section */
		0AB9E301C488E491D05B5E08 /* Pods-FlashCardAppFeaturingBigShaq.debug.xcconfig */ = {isa = PBXFileReference; includeInIndex = 1; lastKnownFileType = text.xcconfig; name = "Pods-FlashCardAppFeaturingBigShaq.debug.xcconfig"; path = "Pods/Target Support Files/Pods-FlashCardAppFeaturingBigShaq/Pods-FlashCardAppFeaturingBigShaq.debug.xcconfig"; sourceTree = "<group>"; };
		0CAC3FAC5CFB6097E2D0C926 /* Pods-FlashCardAppFeaturingBigShaq.release.xcconfig */ = {isa = PBXFileReference; includeInIndex = 1; lastKnownFileType = text.xcconfig; name = "Pods-FlashCardAppFeaturingBigShaq.release.xcconfig"; path = "Pods/Target Support Files/Pods-FlashCardAppFeaturingBigShaq/Pods-FlashCardAppFeaturingBigShaq.release.xcconfig"; sourceTree = "<group>"; };
		5DEAFC6668AA2DA0D337BB51 /* Pods-FlashCardAppFeaturingBigShaqUITests.debug.xcconfig */ = {isa = PBXFileReference; includeInIndex = 1; lastKnownFileType = text.xcconfig; name = "Pods-FlashCardAppFeaturingBigShaqUITests.debug.xcconfig"; path = "Pods/Target Support Files/Pods-FlashCardAppFeaturingBigShaqUITests/Pods-FlashCardAppFeaturingBigShaqUITests.debug.xcconfig"; sourceTree = "<group>"; };
		5E7C913B1554DD96F763DA35 /* Pods_FlashCardAppFeaturingBigShaqTests.framework */ = {isa = PBXFileReference; explicitFileType = wrapper.framework; includeInIndex = 0; path = Pods_FlashCardAppFeaturingBigShaqTests.framework; sourceTree = BUILT_PRODUCTS_DIR; };
		88E4F4379135B2FAFEE29206 /* Pods_FlashCardAppFeaturingBigShaqUITests.framework */ = {isa = PBXFileReference; explicitFileType = wrapper.framework; includeInIndex = 0; path = Pods_FlashCardAppFeaturingBigShaqUITests.framework; sourceTree = BUILT_PRODUCTS_DIR; };
		A48132C768136C42D8DC3DAF /* Pods-FlashCardAppFeaturingBigShaqUITests.release.xcconfig */ = {isa = PBXFileReference; includeInIndex = 1; lastKnownFileType = text.xcconfig; name = "Pods-FlashCardAppFeaturingBigShaqUITests.release.xcconfig"; path = "Pods/Target Support Files/Pods-FlashCardAppFeaturingBigShaqUITests/Pods-FlashCardAppFeaturingBigShaqUITests.release.xcconfig"; sourceTree = "<group>"; };
		B41DA57864D85599863C6646 /* Pods_FlashCardAppFeaturingBigShaq.framework */ = {isa = PBXFileReference; explicitFileType = wrapper.framework; includeInIndex = 0; path = Pods_FlashCardAppFeaturingBigShaq.framework; sourceTree = BUILT_PRODUCTS_DIR; };
		DB0EF0AF2034CFFF001FD5E5 /* CustomTableViewCell.swift */ = {isa = PBXFileReference; lastKnownFileType = sourcecode.swift; path = CustomTableViewCell.swift; sourceTree = "<group>"; };
		DB0EF0B22035012E001FD5E5 /* Deck.swift */ = {isa = PBXFileReference; lastKnownFileType = sourcecode.swift; path = Deck.swift; sourceTree = "<group>"; };
		DB41C37620332625005CEFDA /* FlashCardAppFeaturingBigShaq.app */ = {isa = PBXFileReference; explicitFileType = wrapper.application; includeInIndex = 0; path = FlashCardAppFeaturingBigShaq.app; sourceTree = BUILT_PRODUCTS_DIR; };
		DB41C37920332625005CEFDA /* AppDelegate.swift */ = {isa = PBXFileReference; lastKnownFileType = sourcecode.swift; path = AppDelegate.swift; sourceTree = "<group>"; };
		DB41C38120332625005CEFDA /* FlashCardAppFeaturingBigShaq.xcdatamodel */ = {isa = PBXFileReference; lastKnownFileType = wrapper.xcdatamodel; path = FlashCardAppFeaturingBigShaq.xcdatamodel; sourceTree = "<group>"; };
		DB41C38320332625005CEFDA /* Assets.xcassets */ = {isa = PBXFileReference; lastKnownFileType = folder.assetcatalog; path = Assets.xcassets; sourceTree = "<group>"; };
		DB41C38620332625005CEFDA /* Base */ = {isa = PBXFileReference; lastKnownFileType = file.storyboard; name = Base; path = Base.lproj/LaunchScreen.storyboard; sourceTree = "<group>"; };
		DB41C38820332625005CEFDA /* Info.plist */ = {isa = PBXFileReference; lastKnownFileType = text.plist.xml; path = Info.plist; sourceTree = "<group>"; };
		DB41C38D20332625005CEFDA /* FlashCardAppFeaturingBigShaqTests.xctest */ = {isa = PBXFileReference; explicitFileType = wrapper.cfbundle; includeInIndex = 0; path = FlashCardAppFeaturingBigShaqTests.xctest; sourceTree = BUILT_PRODUCTS_DIR; };
		DB41C39120332625005CEFDA /* FlashCardAppFeaturingBigShaqTests.swift */ = {isa = PBXFileReference; lastKnownFileType = sourcecode.swift; path = FlashCardAppFeaturingBigShaqTests.swift; sourceTree = "<group>"; };
		DB41C39320332625005CEFDA /* Info.plist */ = {isa = PBXFileReference; lastKnownFileType = text.plist.xml; path = Info.plist; sourceTree = "<group>"; };
		DB41C39820332625005CEFDA /* FlashCardAppFeaturingBigShaqUITests.xctest */ = {isa = PBXFileReference; explicitFileType = wrapper.cfbundle; includeInIndex = 0; path = FlashCardAppFeaturingBigShaqUITests.xctest; sourceTree = BUILT_PRODUCTS_DIR; };
		DB41C39C20332625005CEFDA /* FlashCardAppFeaturingBigShaqUITests.swift */ = {isa = PBXFileReference; lastKnownFileType = sourcecode.swift; path = FlashCardAppFeaturingBigShaqUITests.swift; sourceTree = "<group>"; };
		DB41C39E20332625005CEFDA /* Info.plist */ = {isa = PBXFileReference; lastKnownFileType = text.plist.xml; path = Info.plist; sourceTree = "<group>"; };
		DB41C3AA20332850005CEFDA /* LoginVC.swift */ = {isa = PBXFileReference; lastKnownFileType = sourcecode.swift; path = LoginVC.swift; sourceTree = "<group>"; };
		DB41C3B0203337B1005CEFDA /* LoginView.swift */ = {isa = PBXFileReference; lastKnownFileType = sourcecode.swift; path = LoginView.swift; sourceTree = "<group>"; };
		DB81F8F9E838B8FED7D0CEE2 /* Pods-FlashCardAppFeaturingBigShaqTests.release.xcconfig */ = {isa = PBXFileReference; includeInIndex = 1; lastKnownFileType = text.xcconfig; name = "Pods-FlashCardAppFeaturingBigShaqTests.release.xcconfig"; path = "Pods/Target Support Files/Pods-FlashCardAppFeaturingBigShaqTests/Pods-FlashCardAppFeaturingBigShaqTests.release.xcconfig"; sourceTree = "<group>"; };
		DBB6898420334A1B00E28BD6 /* StyleSheet.swift */ = {isa = PBXFileReference; lastKnownFileType = sourcecode.swift; path = StyleSheet.swift; sourceTree = "<group>"; };
		DBB6898620334B3F00E28BD6 /* Settings.swift */ = {isa = PBXFileReference; lastKnownFileType = sourcecode.swift; path = Settings.swift; sourceTree = "<group>"; };
		DBD3D8192033CDAA0033AAF7 /* MenuVC.swift */ = {isa = PBXFileReference; lastKnownFileType = sourcecode.swift; path = MenuVC.swift; sourceTree = "<group>"; };
		DBD3D81B2033CDBE0033AAF7 /* DeckVC.swift */ = {isa = PBXFileReference; lastKnownFileType = sourcecode.swift; path = DeckVC.swift; sourceTree = "<group>"; };
		DBD3D81D2033CDD50033AAF7 /* MenuView.swift */ = {isa = PBXFileReference; lastKnownFileType = sourcecode.swift; path = MenuView.swift; sourceTree = "<group>"; };
		DBD3D81F2033CDE40033AAF7 /* DeckView.swift */ = {isa = PBXFileReference; lastKnownFileType = sourcecode.swift; path = DeckView.swift; sourceTree = "<group>"; };
		DBD3D8212033D23A0033AAF7 /* AllDecksVC.swift */ = {isa = PBXFileReference; lastKnownFileType = sourcecode.swift; path = AllDecksVC.swift; sourceTree = "<group>"; };
		DBD3D8232033D2530033AAF7 /* AllDecksView.swift */ = {isa = PBXFileReference; lastKnownFileType = sourcecode.swift; path = AllDecksView.swift; sourceTree = "<group>"; };
		DBD5DDCD203632D600DF79EC /* AddingThingsVC.swift */ = {isa = PBXFileReference; lastKnownFileType = sourcecode.swift; path = AddingThingsVC.swift; sourceTree = "<group>"; };
		DBD5DDCF203632EB00DF79EC /* AddingThingsView.swift */ = {isa = PBXFileReference; lastKnownFileType = sourcecode.swift; path = AddingThingsView.swift; sourceTree = "<group>"; };
		FC94E01608A40D9E965FA344 /* Pods-FlashCardAppFeaturingBigShaqTests.debug.xcconfig */ = {isa = PBXFileReference; includeInIndex = 1; lastKnownFileType = text.xcconfig; name = "Pods-FlashCardAppFeaturingBigShaqTests.debug.xcconfig"; path = "Pods/Target Support Files/Pods-FlashCardAppFeaturingBigShaqTests/Pods-FlashCardAppFeaturingBigShaqTests.debug.xcconfig"; sourceTree = "<group>"; };
/* End PBXFileReference section */

/* Begin PBXFrameworksBuildPhase section */
		DB41C37320332625005CEFDA /* Frameworks */ = {
			isa = PBXFrameworksBuildPhase;
			buildActionMask = 2147483647;
			files = (
				44092E808BD34F20D4802BDE /* Pods_FlashCardAppFeaturingBigShaq.framework in Frameworks */,
			);
			runOnlyForDeploymentPostprocessing = 0;
		};
		DB41C38A20332625005CEFDA /* Frameworks */ = {
			isa = PBXFrameworksBuildPhase;
			buildActionMask = 2147483647;
			files = (
				ACBCC140C01D1773CFE87145 /* Pods_FlashCardAppFeaturingBigShaqTests.framework in Frameworks */,
			);
			runOnlyForDeploymentPostprocessing = 0;
		};
		DB41C39520332625005CEFDA /* Frameworks */ = {
			isa = PBXFrameworksBuildPhase;
			buildActionMask = 2147483647;
			files = (
				AA7660CDD18BCAE277B2E1DC /* Pods_FlashCardAppFeaturingBigShaqUITests.framework in Frameworks */,
			);
			runOnlyForDeploymentPostprocessing = 0;
		};
/* End PBXFrameworksBuildPhase section */

/* Begin PBXGroup section */
		3C75E734B1A3E81C10AF01B1 /* Frameworks */ = {
			isa = PBXGroup;
			children = (
				B41DA57864D85599863C6646 /* Pods_FlashCardAppFeaturingBigShaq.framework */,
				5E7C913B1554DD96F763DA35 /* Pods_FlashCardAppFeaturingBigShaqTests.framework */,
				88E4F4379135B2FAFEE29206 /* Pods_FlashCardAppFeaturingBigShaqUITests.framework */,
			);
			name = Frameworks;
			sourceTree = "<group>";
		};
		B2C1D85C0D4792C8B21FB5FA /* Pods */ = {
			isa = PBXGroup;
			children = (
				0AB9E301C488E491D05B5E08 /* Pods-FlashCardAppFeaturingBigShaq.debug.xcconfig */,
				0CAC3FAC5CFB6097E2D0C926 /* Pods-FlashCardAppFeaturingBigShaq.release.xcconfig */,
				FC94E01608A40D9E965FA344 /* Pods-FlashCardAppFeaturingBigShaqTests.debug.xcconfig */,
				DB81F8F9E838B8FED7D0CEE2 /* Pods-FlashCardAppFeaturingBigShaqTests.release.xcconfig */,
				5DEAFC6668AA2DA0D337BB51 /* Pods-FlashCardAppFeaturingBigShaqUITests.debug.xcconfig */,
				A48132C768136C42D8DC3DAF /* Pods-FlashCardAppFeaturingBigShaqUITests.release.xcconfig */,
			);
			name = Pods;
			sourceTree = "<group>";
		};
		DB0EF0B12034D008001FD5E5 /* Cells */ = {
			isa = PBXGroup;
			children = (
				DB0EF0AF2034CFFF001FD5E5 /* CustomTableViewCell.swift */,
			);
			path = Cells;
			sourceTree = "<group>";
		};
		DB41C36D20332625005CEFDA = {
			isa = PBXGroup;
			children = (
				DB41C37820332625005CEFDA /* FlashCardAppFeaturingBigShaq */,
				DB41C39020332625005CEFDA /* FlashCardAppFeaturingBigShaqTests */,
				DB41C39B20332625005CEFDA /* FlashCardAppFeaturingBigShaqUITests */,
				DB41C37720332625005CEFDA /* Products */,
				B2C1D85C0D4792C8B21FB5FA /* Pods */,
				3C75E734B1A3E81C10AF01B1 /* Frameworks */,
			);
			sourceTree = "<group>";
		};
		DB41C37720332625005CEFDA /* Products */ = {
			isa = PBXGroup;
			children = (
				DB41C37620332625005CEFDA /* FlashCardAppFeaturingBigShaq.app */,
				DB41C38D20332625005CEFDA /* FlashCardAppFeaturingBigShaqTests.xctest */,
				DB41C39820332625005CEFDA /* FlashCardAppFeaturingBigShaqUITests.xctest */,
			);
			name = Products;
			sourceTree = "<group>";
		};
		DB41C37820332625005CEFDA /* FlashCardAppFeaturingBigShaq */ = {
			isa = PBXGroup;
			children = (
				DB41C37920332625005CEFDA /* AppDelegate.swift */,
				DB41C38320332625005CEFDA /* Assets.xcassets */,
				DB41C38520332625005CEFDA /* LaunchScreen.storyboard */,
				DB41C38820332625005CEFDA /* Info.plist */,
				DB41C38020332625005CEFDA /* FlashCardAppFeaturingBigShaq.xcdatamodeld */,
				DB41C3AC2033374E005CEFDA /* VC */,
				DB41C3AD2033377F005CEFDA /* Views */,
				DB0EF0B12034D008001FD5E5 /* Cells */,
				DB41C3AE20333787005CEFDA /* Models */,
				DB41C3AF20333790005CEFDA /* Services */,
			);
			path = FlashCardAppFeaturingBigShaq;
			sourceTree = "<group>";
		};
		DB41C39020332625005CEFDA /* FlashCardAppFeaturingBigShaqTests */ = {
			isa = PBXGroup;
			children = (
				DB41C39120332625005CEFDA /* FlashCardAppFeaturingBigShaqTests.swift */,
				DB41C39320332625005CEFDA /* Info.plist */,
			);
			path = FlashCardAppFeaturingBigShaqTests;
			sourceTree = "<group>";
		};
		DB41C39B20332625005CEFDA /* FlashCardAppFeaturingBigShaqUITests */ = {
			isa = PBXGroup;
			children = (
				DB41C39C20332625005CEFDA /* FlashCardAppFeaturingBigShaqUITests.swift */,
				DB41C39E20332625005CEFDA /* Info.plist */,
			);
			path = FlashCardAppFeaturingBigShaqUITests;
			sourceTree = "<group>";
		};
		DB41C3AC2033374E005CEFDA /* VC */ = {
			isa = PBXGroup;
			children = (
				DB41C3AA20332850005CEFDA /* LoginVC.swift */,
				DBD3D81B2033CDBE0033AAF7 /* DeckVC.swift */,
				DBD5DDCD203632D600DF79EC /* AddingThingsVC.swift */,
				DBD3D8192033CDAA0033AAF7 /* MenuVC.swift */,
				DBD3D8212033D23A0033AAF7 /* AllDecksVC.swift */,
			);
			path = VC;
			sourceTree = "<group>";
		};
		DB41C3AD2033377F005CEFDA /* Views */ = {
			isa = PBXGroup;
			children = (
				DB41C3B0203337B1005CEFDA /* LoginView.swift */,
				DBD3D81F2033CDE40033AAF7 /* DeckView.swift */,
				DBD5DDCF203632EB00DF79EC /* AddingThingsView.swift */,
				DBD3D8232033D2530033AAF7 /* AllDecksView.swift */,
				DBD3D81D2033CDD50033AAF7 /* MenuView.swift */,
			);
			path = Views;
			sourceTree = "<group>";
		};
		DB41C3AE20333787005CEFDA /* Models */ = {
			isa = PBXGroup;
			children = (
				DB0EF0B22035012E001FD5E5 /* Deck.swift */,
			);
			path = Models;
			sourceTree = "<group>";
		};
		DB41C3AF20333790005CEFDA /* Services */ = {
			isa = PBXGroup;
			children = (
				DBB6898420334A1B00E28BD6 /* StyleSheet.swift */,
				DBB6898620334B3F00E28BD6 /* Settings.swift */,
			);
			path = Services;
			sourceTree = "<group>";
		};
/* End PBXGroup section */

/* Begin PBXNativeTarget section */
		DB41C37520332625005CEFDA /* FlashCardAppFeaturingBigShaq */ = {
			isa = PBXNativeTarget;
			buildConfigurationList = DB41C3A120332625005CEFDA /* Build configuration list for PBXNativeTarget "FlashCardAppFeaturingBigShaq" */;
			buildPhases = (
				28B6442F1C9E8A63FDA9CD33 /* [CP] Check Pods Manifest.lock */,
				DB41C37220332625005CEFDA /* Sources */,
				DB41C37320332625005CEFDA /* Frameworks */,
				DB41C37420332625005CEFDA /* Resources */,
				BFBB27F08CAFF1B8FDE001A0 /* [CP] Embed Pods Frameworks */,
				1BB07EE91B19F64E780B7E8B /* [CP] Copy Pods Resources */,
			);
			buildRules = (
			);
			dependencies = (
			);
			name = FlashCardAppFeaturingBigShaq;
			productName = FlashCardAppFeaturingBigShaq;
			productReference = DB41C37620332625005CEFDA /* FlashCardAppFeaturingBigShaq.app */;
			productType = "com.apple.product-type.application";
		};
		DB41C38C20332625005CEFDA /* FlashCardAppFeaturingBigShaqTests */ = {
			isa = PBXNativeTarget;
			buildConfigurationList = DB41C3A420332625005CEFDA /* Build configuration list for PBXNativeTarget "FlashCardAppFeaturingBigShaqTests" */;
			buildPhases = (
				184C60448FF92993D2944D82 /* [CP] Check Pods Manifest.lock */,
				DB41C38920332625005CEFDA /* Sources */,
				DB41C38A20332625005CEFDA /* Frameworks */,
				DB41C38B20332625005CEFDA /* Resources */,
				7DBA515DBB8DF244FB886810 /* [CP] Embed Pods Frameworks */,
				957B423A525844953940E905 /* [CP] Copy Pods Resources */,
			);
			buildRules = (
			);
			dependencies = (
				DB41C38F20332625005CEFDA /* PBXTargetDependency */,
			);
			name = FlashCardAppFeaturingBigShaqTests;
			productName = FlashCardAppFeaturingBigShaqTests;
			productReference = DB41C38D20332625005CEFDA /* FlashCardAppFeaturingBigShaqTests.xctest */;
			productType = "com.apple.product-type.bundle.unit-test";
		};
		DB41C39720332625005CEFDA /* FlashCardAppFeaturingBigShaqUITests */ = {
			isa = PBXNativeTarget;
			buildConfigurationList = DB41C3A720332625005CEFDA /* Build configuration list for PBXNativeTarget "FlashCardAppFeaturingBigShaqUITests" */;
			buildPhases = (
				036FC5CBC55C089E65BE4D2A /* [CP] Check Pods Manifest.lock */,
				DB41C39420332625005CEFDA /* Sources */,
				DB41C39520332625005CEFDA /* Frameworks */,
				DB41C39620332625005CEFDA /* Resources */,
				AEBCA56F70A1E29BD9EEB7C3 /* [CP] Embed Pods Frameworks */,
				46D67A425DB0B2D5E17D9B23 /* [CP] Copy Pods Resources */,
			);
			buildRules = (
			);
			dependencies = (
				DB41C39A20332625005CEFDA /* PBXTargetDependency */,
			);
			name = FlashCardAppFeaturingBigShaqUITests;
			productName = FlashCardAppFeaturingBigShaqUITests;
			productReference = DB41C39820332625005CEFDA /* FlashCardAppFeaturingBigShaqUITests.xctest */;
			productType = "com.apple.product-type.bundle.ui-testing";
		};
/* End PBXNativeTarget section */

/* Begin PBXProject section */
		DB41C36E20332625005CEFDA /* Project object */ = {
			isa = PBXProject;
			attributes = {
				LastSwiftUpdateCheck = 0920;
				LastUpgradeCheck = 0920;
				ORGANIZATIONNAME = "Richard Crichlow";
				TargetAttributes = {
					DB41C37520332625005CEFDA = {
						CreatedOnToolsVersion = 9.2;
						ProvisioningStyle = Automatic;
					};
					DB41C38C20332625005CEFDA = {
						CreatedOnToolsVersion = 9.2;
						ProvisioningStyle = Automatic;
						TestTargetID = DB41C37520332625005CEFDA;
					};
					DB41C39720332625005CEFDA = {
						CreatedOnToolsVersion = 9.2;
						ProvisioningStyle = Automatic;
						TestTargetID = DB41C37520332625005CEFDA;
					};
				};
			};
			buildConfigurationList = DB41C37120332625005CEFDA /* Build configuration list for PBXProject "FlashCardAppFeaturingBigShaq" */;
			compatibilityVersion = "Xcode 8.0";
			developmentRegion = en;
			hasScannedForEncodings = 0;
			knownRegions = (
				en,
				Base,
			);
			mainGroup = DB41C36D20332625005CEFDA;
			productRefGroup = DB41C37720332625005CEFDA /* Products */;
			projectDirPath = "";
			projectRoot = "";
			targets = (
				DB41C37520332625005CEFDA /* FlashCardAppFeaturingBigShaq */,
				DB41C38C20332625005CEFDA /* FlashCardAppFeaturingBigShaqTests */,
				DB41C39720332625005CEFDA /* FlashCardAppFeaturingBigShaqUITests */,
			);
		};
/* End PBXProject section */

/* Begin PBXResourcesBuildPhase section */
		DB41C37420332625005CEFDA /* Resources */ = {
			isa = PBXResourcesBuildPhase;
			buildActionMask = 2147483647;
			files = (
				DB41C38720332625005CEFDA /* LaunchScreen.storyboard in Resources */,
				DB41C38420332625005CEFDA /* Assets.xcassets in Resources */,
			);
			runOnlyForDeploymentPostprocessing = 0;
		};
		DB41C38B20332625005CEFDA /* Resources */ = {
			isa = PBXResourcesBuildPhase;
			buildActionMask = 2147483647;
			files = (
			);
			runOnlyForDeploymentPostprocessing = 0;
		};
		DB41C39620332625005CEFDA /* Resources */ = {
			isa = PBXResourcesBuildPhase;
			buildActionMask = 2147483647;
			files = (
			);
			runOnlyForDeploymentPostprocessing = 0;
		};
/* End PBXResourcesBuildPhase section */

/* Begin PBXShellScriptBuildPhase section */
		036FC5CBC55C089E65BE4D2A /* [CP] Check Pods Manifest.lock */ = {
			isa = PBXShellScriptBuildPhase;
			buildActionMask = 2147483647;
			files = (
			);
			inputPaths = (
				"${PODS_PODFILE_DIR_PATH}/Podfile.lock",
				"${PODS_ROOT}/Manifest.lock",
			);
			name = "[CP] Check Pods Manifest.lock";
			outputPaths = (
				"$(DERIVED_FILE_DIR)/Pods-FlashCardAppFeaturingBigShaqUITests-checkManifestLockResult.txt",
			);
			runOnlyForDeploymentPostprocessing = 0;
			shellPath = /bin/sh;
			shellScript = "diff \"${PODS_PODFILE_DIR_PATH}/Podfile.lock\" \"${PODS_ROOT}/Manifest.lock\" > /dev/null\nif [ $? != 0 ] ; then\n    # print error to STDERR\n    echo \"error: The sandbox is not in sync with the Podfile.lock. Run 'pod install' or update your CocoaPods installation.\" >&2\n    exit 1\nfi\n# This output is used by Xcode 'outputs' to avoid re-running this script phase.\necho \"SUCCESS\" > \"${SCRIPT_OUTPUT_FILE_0}\"\n";
			showEnvVarsInLog = 0;
		};
		184C60448FF92993D2944D82 /* [CP] Check Pods Manifest.lock */ = {
			isa = PBXShellScriptBuildPhase;
			buildActionMask = 2147483647;
			files = (
			);
			inputPaths = (
				"${PODS_PODFILE_DIR_PATH}/Podfile.lock",
				"${PODS_ROOT}/Manifest.lock",
			);
			name = "[CP] Check Pods Manifest.lock";
			outputPaths = (
				"$(DERIVED_FILE_DIR)/Pods-FlashCardAppFeaturingBigShaqTests-checkManifestLockResult.txt",
			);
			runOnlyForDeploymentPostprocessing = 0;
			shellPath = /bin/sh;
			shellScript = "diff \"${PODS_PODFILE_DIR_PATH}/Podfile.lock\" \"${PODS_ROOT}/Manifest.lock\" > /dev/null\nif [ $? != 0 ] ; then\n    # print error to STDERR\n    echo \"error: The sandbox is not in sync with the Podfile.lock. Run 'pod install' or update your CocoaPods installation.\" >&2\n    exit 1\nfi\n# This output is used by Xcode 'outputs' to avoid re-running this script phase.\necho \"SUCCESS\" > \"${SCRIPT_OUTPUT_FILE_0}\"\n";
			showEnvVarsInLog = 0;
		};
		1BB07EE91B19F64E780B7E8B /* [CP] Copy Pods Resources */ = {
			isa = PBXShellScriptBuildPhase;
			buildActionMask = 2147483647;
			files = (
			);
			inputPaths = (
			);
			name = "[CP] Copy Pods Resources";
			outputPaths = (
			);
			runOnlyForDeploymentPostprocessing = 0;
			shellPath = /bin/sh;
			shellScript = "\"${SRCROOT}/Pods/Target Support Files/Pods-FlashCardAppFeaturingBigShaq/Pods-FlashCardAppFeaturingBigShaq-resources.sh\"\n";
			showEnvVarsInLog = 0;
		};
		28B6442F1C9E8A63FDA9CD33 /* [CP] Check Pods Manifest.lock */ = {
			isa = PBXShellScriptBuildPhase;
			buildActionMask = 2147483647;
			files = (
			);
			inputPaths = (
				"${PODS_PODFILE_DIR_PATH}/Podfile.lock",
				"${PODS_ROOT}/Manifest.lock",
			);
			name = "[CP] Check Pods Manifest.lock";
			outputPaths = (
				"$(DERIVED_FILE_DIR)/Pods-FlashCardAppFeaturingBigShaq-checkManifestLockResult.txt",
			);
			runOnlyForDeploymentPostprocessing = 0;
			shellPath = /bin/sh;
			shellScript = "diff \"${PODS_PODFILE_DIR_PATH}/Podfile.lock\" \"${PODS_ROOT}/Manifest.lock\" > /dev/null\nif [ $? != 0 ] ; then\n    # print error to STDERR\n    echo \"error: The sandbox is not in sync with the Podfile.lock. Run 'pod install' or update your CocoaPods installation.\" >&2\n    exit 1\nfi\n# This output is used by Xcode 'outputs' to avoid re-running this script phase.\necho \"SUCCESS\" > \"${SCRIPT_OUTPUT_FILE_0}\"\n";
			showEnvVarsInLog = 0;
		};
		46D67A425DB0B2D5E17D9B23 /* [CP] Copy Pods Resources */ = {
			isa = PBXShellScriptBuildPhase;
			buildActionMask = 2147483647;
			files = (
			);
			inputPaths = (
			);
			name = "[CP] Copy Pods Resources";
			outputPaths = (
			);
			runOnlyForDeploymentPostprocessing = 0;
			shellPath = /bin/sh;
			shellScript = "\"${SRCROOT}/Pods/Target Support Files/Pods-FlashCardAppFeaturingBigShaqUITests/Pods-FlashCardAppFeaturingBigShaqUITests-resources.sh\"\n";
			showEnvVarsInLog = 0;
		};
		7DBA515DBB8DF244FB886810 /* [CP] Embed Pods Frameworks */ = {
			isa = PBXShellScriptBuildPhase;
			buildActionMask = 2147483647;
			files = (
			);
			inputPaths = (
			);
			name = "[CP] Embed Pods Frameworks";
			outputPaths = (
			);
			runOnlyForDeploymentPostprocessing = 0;
			shellPath = /bin/sh;
			shellScript = "\"${SRCROOT}/Pods/Target Support Files/Pods-FlashCardAppFeaturingBigShaqTests/Pods-FlashCardAppFeaturingBigShaqTests-frameworks.sh\"\n";
			showEnvVarsInLog = 0;
		};
		957B423A525844953940E905 /* [CP] Copy Pods Resources */ = {
			isa = PBXShellScriptBuildPhase;
			buildActionMask = 2147483647;
			files = (
			);
			inputPaths = (
			);
			name = "[CP] Copy Pods Resources";
			outputPaths = (
			);
			runOnlyForDeploymentPostprocessing = 0;
			shellPath = /bin/sh;
			shellScript = "\"${SRCROOT}/Pods/Target Support Files/Pods-FlashCardAppFeaturingBigShaqTests/Pods-FlashCardAppFeaturingBigShaqTests-resources.sh\"\n";
			showEnvVarsInLog = 0;
		};
		AEBCA56F70A1E29BD9EEB7C3 /* [CP] Embed Pods Frameworks */ = {
			isa = PBXShellScriptBuildPhase;
			buildActionMask = 2147483647;
			files = (
			);
			inputPaths = (
			);
			name = "[CP] Embed Pods Frameworks";
			outputPaths = (
			);
			runOnlyForDeploymentPostprocessing = 0;
			shellPath = /bin/sh;
			shellScript = "\"${SRCROOT}/Pods/Target Support Files/Pods-FlashCardAppFeaturingBigShaqUITests/Pods-FlashCardAppFeaturingBigShaqUITests-frameworks.sh\"\n";
			showEnvVarsInLog = 0;
		};
		BFBB27F08CAFF1B8FDE001A0 /* [CP] Embed Pods Frameworks */ = {
			isa = PBXShellScriptBuildPhase;
			buildActionMask = 2147483647;
			files = (
			);
			inputPaths = (
				"${SRCROOT}/Pods/Target Support Files/Pods-FlashCardAppFeaturingBigShaq/Pods-FlashCardAppFeaturingBigShaq-frameworks.sh",
				"${BUILT_PRODUCTS_DIR}/GTMSessionFetcher/GTMSessionFetcher.framework",
				"${BUILT_PRODUCTS_DIR}/GoogleToolboxForMac/GoogleToolboxForMac.framework",
				"${BUILT_PRODUCTS_DIR}/IQKeyboardManagerSwift/IQKeyboardManagerSwift.framework",
				"${BUILT_PRODUCTS_DIR}/SnapKit/SnapKit.framework",
				"${BUILT_PRODUCTS_DIR}/leveldb-library/leveldb.framework",
				"${BUILT_PRODUCTS_DIR}/nanopb/nanopb.framework",
			);
			name = "[CP] Embed Pods Frameworks";
			outputPaths = (
				"${TARGET_BUILD_DIR}/${FRAMEWORKS_FOLDER_PATH}/GTMSessionFetcher.framework",
				"${TARGET_BUILD_DIR}/${FRAMEWORKS_FOLDER_PATH}/GoogleToolboxForMac.framework",
				"${TARGET_BUILD_DIR}/${FRAMEWORKS_FOLDER_PATH}/IQKeyboardManagerSwift.framework",
				"${TARGET_BUILD_DIR}/${FRAMEWORKS_FOLDER_PATH}/SnapKit.framework",
				"${TARGET_BUILD_DIR}/${FRAMEWORKS_FOLDER_PATH}/leveldb.framework",
				"${TARGET_BUILD_DIR}/${FRAMEWORKS_FOLDER_PATH}/nanopb.framework",
			);
			runOnlyForDeploymentPostprocessing = 0;
			shellPath = /bin/sh;
			shellScript = "\"${SRCROOT}/Pods/Target Support Files/Pods-FlashCardAppFeaturingBigShaq/Pods-FlashCardAppFeaturingBigShaq-frameworks.sh\"\n";
			showEnvVarsInLog = 0;
		};
/* End PBXShellScriptBuildPhase section */

/* Begin PBXSourcesBuildPhase section */
		DB41C37220332625005CEFDA /* Sources */ = {
			isa = PBXSourcesBuildPhase;
			buildActionMask = 2147483647;
			files = (
				DBD5DDD0203632EB00DF79EC /* AddingThingsView.swift in Sources */,
				DB0EF0B32035012E001FD5E5 /* Deck.swift in Sources */,
				DBB6898720334B3F00E28BD6 /* Settings.swift in Sources */,
				DB41C3AB20332850005CEFDA /* LoginVC.swift in Sources */,
				DBB6898520334A1B00E28BD6 /* StyleSheet.swift in Sources */,
				DBD3D81A2033CDAA0033AAF7 /* MenuVC.swift in Sources */,
				DBD3D81E2033CDD50033AAF7 /* MenuView.swift in Sources */,
				DBD3D8222033D23A0033AAF7 /* AllDecksVC.swift in Sources */,
				DBD3D8202033CDE40033AAF7 /* DeckView.swift in Sources */,
				DBD3D8242033D2530033AAF7 /* AllDecksView.swift in Sources */,
				DB41C38220332625005CEFDA /* FlashCardAppFeaturingBigShaq.xcdatamodeld in Sources */,
				DB41C3B1203337B1005CEFDA /* LoginView.swift in Sources */,
				DBD5DDCE203632D600DF79EC /* AddingThingsVC.swift in Sources */,
				DB0EF0B02034CFFF001FD5E5 /* CustomTableViewCell.swift in Sources */,
				DB41C37A20332625005CEFDA /* AppDelegate.swift in Sources */,
				DBD3D81C2033CDBE0033AAF7 /* DeckVC.swift in Sources */,
			);
			runOnlyForDeploymentPostprocessing = 0;
		};
		DB41C38920332625005CEFDA /* Sources */ = {
			isa = PBXSourcesBuildPhase;
			buildActionMask = 2147483647;
			files = (
				DB41C39220332625005CEFDA /* FlashCardAppFeaturingBigShaqTests.swift in Sources */,
			);
			runOnlyForDeploymentPostprocessing = 0;
		};
		DB41C39420332625005CEFDA /* Sources */ = {
			isa = PBXSourcesBuildPhase;
			buildActionMask = 2147483647;
			files = (
				DB41C39D20332625005CEFDA /* FlashCardAppFeaturingBigShaqUITests.swift in Sources */,
			);
			runOnlyForDeploymentPostprocessing = 0;
		};
/* End PBXSourcesBuildPhase section */

/* Begin PBXTargetDependency section */
		DB41C38F20332625005CEFDA /* PBXTargetDependency */ = {
			isa = PBXTargetDependency;
			target = DB41C37520332625005CEFDA /* FlashCardAppFeaturingBigShaq */;
			targetProxy = DB41C38E20332625005CEFDA /* PBXContainerItemProxy */;
		};
		DB41C39A20332625005CEFDA /* PBXTargetDependency */ = {
			isa = PBXTargetDependency;
			target = DB41C37520332625005CEFDA /* FlashCardAppFeaturingBigShaq */;
			targetProxy = DB41C39920332625005CEFDA /* PBXContainerItemProxy */;
		};
/* End PBXTargetDependency section */

/* Begin PBXVariantGroup section */
		DB41C38520332625005CEFDA /* LaunchScreen.storyboard */ = {
			isa = PBXVariantGroup;
			children = (
				DB41C38620332625005CEFDA /* Base */,
			);
			name = LaunchScreen.storyboard;
			sourceTree = "<group>";
		};
/* End PBXVariantGroup section */

/* Begin XCBuildConfiguration section */
		DB41C39F20332625005CEFDA /* Debug */ = {
			isa = XCBuildConfiguration;
			buildSettings = {
				ALWAYS_SEARCH_USER_PATHS = NO;
				CLANG_ANALYZER_NONNULL = YES;
				CLANG_ANALYZER_NUMBER_OBJECT_CONVERSION = YES_AGGRESSIVE;
				CLANG_CXX_LANGUAGE_STANDARD = "gnu++14";
				CLANG_CXX_LIBRARY = "libc++";
				CLANG_ENABLE_MODULES = YES;
				CLANG_ENABLE_OBJC_ARC = YES;
				CLANG_WARN_BLOCK_CAPTURE_AUTORELEASING = YES;
				CLANG_WARN_BOOL_CONVERSION = YES;
				CLANG_WARN_COMMA = YES;
				CLANG_WARN_CONSTANT_CONVERSION = YES;
				CLANG_WARN_DIRECT_OBJC_ISA_USAGE = YES_ERROR;
				CLANG_WARN_DOCUMENTATION_COMMENTS = YES;
				CLANG_WARN_EMPTY_BODY = YES;
				CLANG_WARN_ENUM_CONVERSION = YES;
				CLANG_WARN_INFINITE_RECURSION = YES;
				CLANG_WARN_INT_CONVERSION = YES;
				CLANG_WARN_NON_LITERAL_NULL_CONVERSION = YES;
				CLANG_WARN_OBJC_LITERAL_CONVERSION = YES;
				CLANG_WARN_OBJC_ROOT_CLASS = YES_ERROR;
				CLANG_WARN_RANGE_LOOP_ANALYSIS = YES;
				CLANG_WARN_STRICT_PROTOTYPES = YES;
				CLANG_WARN_SUSPICIOUS_MOVE = YES;
				CLANG_WARN_UNGUARDED_AVAILABILITY = YES_AGGRESSIVE;
				CLANG_WARN_UNREACHABLE_CODE = YES;
				CLANG_WARN__DUPLICATE_METHOD_MATCH = YES;
				CODE_SIGN_IDENTITY = "iPhone Developer";
				COPY_PHASE_STRIP = NO;
				DEBUG_INFORMATION_FORMAT = dwarf;
				ENABLE_STRICT_OBJC_MSGSEND = YES;
				ENABLE_TESTABILITY = YES;
				GCC_C_LANGUAGE_STANDARD = gnu11;
				GCC_DYNAMIC_NO_PIC = NO;
				GCC_NO_COMMON_BLOCKS = YES;
				GCC_OPTIMIZATION_LEVEL = 0;
				GCC_PREPROCESSOR_DEFINITIONS = (
					"DEBUG=1",
					"$(inherited)",
				);
				GCC_WARN_64_TO_32_BIT_CONVERSION = YES;
				GCC_WARN_ABOUT_RETURN_TYPE = YES_ERROR;
				GCC_WARN_UNDECLARED_SELECTOR = YES;
				GCC_WARN_UNINITIALIZED_AUTOS = YES_AGGRESSIVE;
				GCC_WARN_UNUSED_FUNCTION = YES;
				GCC_WARN_UNUSED_VARIABLE = YES;
				IPHONEOS_DEPLOYMENT_TARGET = 11.2;
				MTL_ENABLE_DEBUG_INFO = YES;
				ONLY_ACTIVE_ARCH = YES;
				SDKROOT = iphoneos;
				SWIFT_ACTIVE_COMPILATION_CONDITIONS = DEBUG;
				SWIFT_OPTIMIZATION_LEVEL = "-Onone";
			};
			name = Debug;
		};
		DB41C3A020332625005CEFDA /* Release */ = {
			isa = XCBuildConfiguration;
			buildSettings = {
				ALWAYS_SEARCH_USER_PATHS = NO;
				CLANG_ANALYZER_NONNULL = YES;
				CLANG_ANALYZER_NUMBER_OBJECT_CONVERSION = YES_AGGRESSIVE;
				CLANG_CXX_LANGUAGE_STANDARD = "gnu++14";
				CLANG_CXX_LIBRARY = "libc++";
				CLANG_ENABLE_MODULES = YES;
				CLANG_ENABLE_OBJC_ARC = YES;
				CLANG_WARN_BLOCK_CAPTURE_AUTORELEASING = YES;
				CLANG_WARN_BOOL_CONVERSION = YES;
				CLANG_WARN_COMMA = YES;
				CLANG_WARN_CONSTANT_CONVERSION = YES;
				CLANG_WARN_DIRECT_OBJC_ISA_USAGE = YES_ERROR;
				CLANG_WARN_DOCUMENTATION_COMMENTS = YES;
				CLANG_WARN_EMPTY_BODY = YES;
				CLANG_WARN_ENUM_CONVERSION = YES;
				CLANG_WARN_INFINITE_RECURSION = YES;
				CLANG_WARN_INT_CONVERSION = YES;
				CLANG_WARN_NON_LITERAL_NULL_CONVERSION = YES;
				CLANG_WARN_OBJC_LITERAL_CONVERSION = YES;
				CLANG_WARN_OBJC_ROOT_CLASS = YES_ERROR;
				CLANG_WARN_RANGE_LOOP_ANALYSIS = YES;
				CLANG_WARN_STRICT_PROTOTYPES = YES;
				CLANG_WARN_SUSPICIOUS_MOVE = YES;
				CLANG_WARN_UNGUARDED_AVAILABILITY = YES_AGGRESSIVE;
				CLANG_WARN_UNREACHABLE_CODE = YES;
				CLANG_WARN__DUPLICATE_METHOD_MATCH = YES;
				CODE_SIGN_IDENTITY = "iPhone Developer";
				COPY_PHASE_STRIP = NO;
				DEBUG_INFORMATION_FORMAT = "dwarf-with-dsym";
				ENABLE_NS_ASSERTIONS = NO;
				ENABLE_STRICT_OBJC_MSGSEND = YES;
				GCC_C_LANGUAGE_STANDARD = gnu11;
				GCC_NO_COMMON_BLOCKS = YES;
				GCC_WARN_64_TO_32_BIT_CONVERSION = YES;
				GCC_WARN_ABOUT_RETURN_TYPE = YES_ERROR;
				GCC_WARN_UNDECLARED_SELECTOR = YES;
				GCC_WARN_UNINITIALIZED_AUTOS = YES_AGGRESSIVE;
				GCC_WARN_UNUSED_FUNCTION = YES;
				GCC_WARN_UNUSED_VARIABLE = YES;
				IPHONEOS_DEPLOYMENT_TARGET = 11.2;
				MTL_ENABLE_DEBUG_INFO = NO;
				SDKROOT = iphoneos;
				SWIFT_OPTIMIZATION_LEVEL = "-Owholemodule";
				VALIDATE_PRODUCT = YES;
			};
			name = Release;
		};
		DB41C3A220332625005CEFDA /* Debug */ = {
			isa = XCBuildConfiguration;
			baseConfigurationReference = 0AB9E301C488E491D05B5E08 /* Pods-FlashCardAppFeaturingBigShaq.debug.xcconfig */;
			buildSettings = {
				ASSETCATALOG_COMPILER_APPICON_NAME = AppIcon;
				CODE_SIGN_STYLE = Automatic;
				INFOPLIST_FILE = FlashCardAppFeaturingBigShaq/Info.plist;
				LD_RUNPATH_SEARCH_PATHS = "$(inherited) @executable_path/Frameworks";
				PRODUCT_BUNDLE_IDENTIFIER = RC.FlashCardAppFeaturingBigShaq;
				PRODUCT_NAME = "$(TARGET_NAME)";
				SWIFT_VERSION = 4.0;
				TARGETED_DEVICE_FAMILY = "1,2";
			};
			name = Debug;
		};
		DB41C3A320332625005CEFDA /* Release */ = {
			isa = XCBuildConfiguration;
			baseConfigurationReference = 0CAC3FAC5CFB6097E2D0C926 /* Pods-FlashCardAppFeaturingBigShaq.release.xcconfig */;
			buildSettings = {
				ASSETCATALOG_COMPILER_APPICON_NAME = AppIcon;
				CODE_SIGN_STYLE = Automatic;
				INFOPLIST_FILE = FlashCardAppFeaturingBigShaq/Info.plist;
				LD_RUNPATH_SEARCH_PATHS = "$(inherited) @executable_path/Frameworks";
				PRODUCT_BUNDLE_IDENTIFIER = RC.FlashCardAppFeaturingBigShaq;
				PRODUCT_NAME = "$(TARGET_NAME)";
				SWIFT_VERSION = 4.0;
				TARGETED_DEVICE_FAMILY = "1,2";
			};
			name = Release;
		};
		DB41C3A520332625005CEFDA /* Debug */ = {
			isa = XCBuildConfiguration;
			baseConfigurationReference = FC94E01608A40D9E965FA344 /* Pods-FlashCardAppFeaturingBigShaqTests.debug.xcconfig */;
			buildSettings = {
				ALWAYS_EMBED_SWIFT_STANDARD_LIBRARIES = YES;
				BUNDLE_LOADER = "$(TEST_HOST)";
				CODE_SIGN_STYLE = Automatic;
				INFOPLIST_FILE = FlashCardAppFeaturingBigShaqTests/Info.plist;
				LD_RUNPATH_SEARCH_PATHS = "$(inherited) @executable_path/Frameworks @loader_path/Frameworks";
				PRODUCT_BUNDLE_IDENTIFIER = RC.FlashCardAppFeaturingBigShaqTests;
				PRODUCT_NAME = "$(TARGET_NAME)";
				SWIFT_VERSION = 4.0;
				TARGETED_DEVICE_FAMILY = "1,2";
				TEST_HOST = "$(BUILT_PRODUCTS_DIR)/FlashCardAppFeaturingBigShaq.app/FlashCardAppFeaturingBigShaq";
			};
			name = Debug;
		};
		DB41C3A620332625005CEFDA /* Release */ = {
			isa = XCBuildConfiguration;
			baseConfigurationReference = DB81F8F9E838B8FED7D0CEE2 /* Pods-FlashCardAppFeaturingBigShaqTests.release.xcconfig */;
			buildSettings = {
				ALWAYS_EMBED_SWIFT_STANDARD_LIBRARIES = YES;
				BUNDLE_LOADER = "$(TEST_HOST)";
				CODE_SIGN_STYLE = Automatic;
				INFOPLIST_FILE = FlashCardAppFeaturingBigShaqTests/Info.plist;
				LD_RUNPATH_SEARCH_PATHS = "$(inherited) @executable_path/Frameworks @loader_path/Frameworks";
				PRODUCT_BUNDLE_IDENTIFIER = RC.FlashCardAppFeaturingBigShaqTests;
				PRODUCT_NAME = "$(TARGET_NAME)";
				SWIFT_VERSION = 4.0;
				TARGETED_DEVICE_FAMILY = "1,2";
				TEST_HOST = "$(BUILT_PRODUCTS_DIR)/FlashCardAppFeaturingBigShaq.app/FlashCardAppFeaturingBigShaq";
			};
			name = Release;
		};
		DB41C3A820332625005CEFDA /* Debug */ = {
			isa = XCBuildConfiguration;
			baseConfigurationReference = 5DEAFC6668AA2DA0D337BB51 /* Pods-FlashCardAppFeaturingBigShaqUITests.debug.xcconfig */;
			buildSettings = {
				ALWAYS_EMBED_SWIFT_STANDARD_LIBRARIES = YES;
				CODE_SIGN_STYLE = Automatic;
				INFOPLIST_FILE = FlashCardAppFeaturingBigShaqUITests/Info.plist;
				LD_RUNPATH_SEARCH_PATHS = "$(inherited) @executable_path/Frameworks @loader_path/Frameworks";
				PRODUCT_BUNDLE_IDENTIFIER = RC.FlashCardAppFeaturingBigShaqUITests;
				PRODUCT_NAME = "$(TARGET_NAME)";
				SWIFT_VERSION = 4.0;
				TARGETED_DEVICE_FAMILY = "1,2";
				TEST_TARGET_NAME = FlashCardAppFeaturingBigShaq;
			};
			name = Debug;
		};
		DB41C3A920332625005CEFDA /* Release */ = {
			isa = XCBuildConfiguration;
			baseConfigurationReference = A48132C768136C42D8DC3DAF /* Pods-FlashCardAppFeaturingBigShaqUITests.release.xcconfig */;
			buildSettings = {
				ALWAYS_EMBED_SWIFT_STANDARD_LIBRARIES = YES;
				CODE_SIGN_STYLE = Automatic;
				INFOPLIST_FILE = FlashCardAppFeaturingBigShaqUITests/Info.plist;
				LD_RUNPATH_SEARCH_PATHS = "$(inherited) @executable_path/Frameworks @loader_path/Frameworks";
				PRODUCT_BUNDLE_IDENTIFIER = RC.FlashCardAppFeaturingBigShaqUITests;
				PRODUCT_NAME = "$(TARGET_NAME)";
				SWIFT_VERSION = 4.0;
				TARGETED_DEVICE_FAMILY = "1,2";
				TEST_TARGET_NAME = FlashCardAppFeaturingBigShaq;
			};
			name = Release;
		};
/* End XCBuildConfiguration section */

/* Begin XCConfigurationList section */
		DB41C37120332625005CEFDA /* Build configuration list for PBXProject "FlashCardAppFeaturingBigShaq" */ = {
			isa = XCConfigurationList;
			buildConfigurations = (
				DB41C39F20332625005CEFDA /* Debug */,
				DB41C3A020332625005CEFDA /* Release */,
			);
			defaultConfigurationIsVisible = 0;
			defaultConfigurationName = Release;
		};
		DB41C3A120332625005CEFDA /* Build configuration list for PBXNativeTarget "FlashCardAppFeaturingBigShaq" */ = {
			isa = XCConfigurationList;
			buildConfigurations = (
				DB41C3A220332625005CEFDA /* Debug */,
				DB41C3A320332625005CEFDA /* Release */,
			);
			defaultConfigurationIsVisible = 0;
			defaultConfigurationName = Release;
		};
		DB41C3A420332625005CEFDA /* Build configuration list for PBXNativeTarget "FlashCardAppFeaturingBigShaqTests" */ = {
			isa = XCConfigurationList;
			buildConfigurations = (
				DB41C3A520332625005CEFDA /* Debug */,
				DB41C3A620332625005CEFDA /* Release */,
			);
			defaultConfigurationIsVisible = 0;
			defaultConfigurationName = Release;
		};
		DB41C3A720332625005CEFDA /* Build configuration list for PBXNativeTarget "FlashCardAppFeaturingBigShaqUITests" */ = {
			isa = XCConfigurationList;
			buildConfigurations = (
				DB41C3A820332625005CEFDA /* Debug */,
				DB41C3A920332625005CEFDA /* Release */,
			);
			defaultConfigurationIsVisible = 0;
			defaultConfigurationName = Release;
		};
/* End XCConfigurationList section */

/* Begin XCVersionGroup section */
		DB41C38020332625005CEFDA /* FlashCardAppFeaturingBigShaq.xcdatamodeld */ = {
			isa = XCVersionGroup;
			children = (
				DB41C38120332625005CEFDA /* FlashCardAppFeaturingBigShaq.xcdatamodel */,
			);
			currentVersion = DB41C38120332625005CEFDA /* FlashCardAppFeaturingBigShaq.xcdatamodel */;
			path = FlashCardAppFeaturingBigShaq.xcdatamodeld;
			sourceTree = "<group>";
			versionGroupType = wrapper.xcdatamodel;
		};
/* End XCVersionGroup section */
	};
	rootObject = DB41C36E20332625005CEFDA /* Project object */;
}
